
Microsoft Visual Studio Solution File, Format Version 12.00
# Visual Studio Version 16
VisualStudioVersion = 16.0.31005.135
MinimumVisualStudioVersion = 10.0.40219.1
Project("{FAE04EC0-301F-11D3-BF4B-00C04F79EFBC}") = "OOPLab1and2", "WindowsFormsApplication9\OOPLab1and2.csproj", "{FC313D23-F855-4E0E-9582-1E04E4C2571B}"
EndProject
Global
	GlobalSection(SolutionConfigurationPlatforms) = preSolution
		Debug|Any CPU = Debug|Any CPU
		Release|Any CPU = Release|Any CPU
	EndGlobalSection
	GlobalSection(ProjectConfigurationPlatforms) = postSolution
		{FC313D23-F855-4E0E-9582-1E04E4C2571B}.Debug|Any CPU.ActiveCfg = Debug|Any CPU
		{FC313D23-F855-4E0E-9582-1E04E4C2571B}.Debug|Any CPU.Build.0 = Debug|Any CPU
		{FC313D23-F855-4E0E-9582-1E04E4C2571B}.Release|Any CPU.ActiveCfg = Release|Any CPU
		{FC313D23-F855-4E0E-9582-1E04E4C2571B}.Release|Any CPU.Build.0 = Release|Any CPU
	EndGlobalSection
	GlobalSection(SolutionProperties) = preSolution
		HideSolutionNode = FALSE
	EndGlobalSection
	GlobalSection(ExtensibilityGlobals) = postSolution
		SolutionGuid = {C3982969-39F6-4F39-AB36-39D620B084F1}
	EndGlobalSection
EndGlobal
